
Microsoft Visual Studio Solution File, Format Version 12.00
# Visual Studio Version 17
VisualStudioVersion = 17.5.33530.505
MinimumVisualStudioVersion = 10.0.40219.1
Project("{FAE04EC0-301F-11D3-BF4B-00C04F79EFBC}") = "CoderpadSolutionTest", "CoderpadSolutionTest\CoderpadSolutionTest.csproj", "{13C5FEAA-B3D4-448A-B31F-B72546CC9DC2}"
EndProject
Global
	GlobalSection(SolutionConfigurationPlatforms) = preSolution
		Debug|Any CPU = Debug|Any CPU
		Release|Any CPU = Release|Any CPU
	EndGlobalSection
	GlobalSection(ProjectConfigurationPlatforms) = postSolution
		{13C5FEAA-B3D4-448A-B31F-B72546CC9DC2}.Debug|Any CPU.ActiveCfg = Debug|Any CPU
		{13C5FEAA-B3D4-448A-B31F-B72546CC9DC2}.Debug|Any CPU.Build.0 = Debug|Any CPU
		{13C5FEAA-B3D4-448A-B31F-B72546CC9DC2}.Release|Any CPU.ActiveCfg = Release|Any CPU
		{13C5FEAA-B3D4-448A-B31F-B72546CC9DC2}.Release|Any CPU.Build.0 = Release|Any CPU
	EndGlobalSection
	GlobalSection(SolutionProperties) = preSolution
		HideSolutionNode = FALSE
	EndGlobalSection
	GlobalSection(ExtensibilityGlobals) = postSolution
		SolutionGuid = {93CCB709-23A4-4E43-8B4C-2F803F56EA4E}
	EndGlobalSection
EndGlobal
